
Microsoft Visual Studio Solution File, Format Version 12.00
# Visual Studio Version 17
VisualStudioVersion = 17.0.31903.59
MinimumVisualStudioVersion = 10.0.40219.1
Project("{FAE04EC0-301F-11D3-BF4B-00C04F79EFBC}") = "OpenWithManager.App", "src\OpenWithManager.App\OpenWithManager.App.csproj", "{7C4B32D8-6E4D-49C4-A996-7E4F1219E7DE}"
EndProject
Global
	GlobalSection(SolutionConfigurationPlatforms) = preSolution
		Debug|Any CPU = Debug|Any CPU
		Release|Any CPU = Release|Any CPU
	EndGlobalSection
	GlobalSection(ProjectConfigurationPlatforms) = postSolution
		{7C4B32D8-6E4D-49C4-A996-7E4F1219E7DE}.Debug|Any CPU.ActiveCfg = Debug|Any CPU
		{7C4B32D8-6E4D-49C4-A996-7E4F1219E7DE}.Debug|Any CPU.Build.0 = Debug|Any CPU
		{7C4B32D8-6E4D-49C4-A996-7E4F1219E7DE}.Release|Any CPU.ActiveCfg = Release|Any CPU
		{7C4B32D8-6E4D-49C4-A996-7E4F1219E7DE}.Release|Any CPU.Build.0 = Release|Any CPU
	EndGlobalSection
EndGlobal
